// !$*UTF8*$!
{
	archiveVersion = 1;
	classes = {
	};
	objectVersion = 46;
	objects = {

/* Begin PBXBuildFile section */
		B607F68E16FE5C8200E0563D /* Cocoa.framework in Frameworks */ = {isa = PBXBuildFile; fileRef = B607F68D16FE5C8200E0563D /* Cocoa.framework */; };
		B607F69816FE5C8200E0563D /* InfoPlist.strings in Resources */ = {isa = PBXBuildFile; fileRef = B607F69616FE5C8200E0563D /* InfoPlist.strings */; };
		B607F69A16FE5C8200E0563D /* main.m in Sources */ = {isa = PBXBuildFile; fileRef = B607F69916FE5C8200E0563D /* main.m */; };
		B607F69E16FE5C8200E0563D /* Credits.rtf in Resources */ = {isa = PBXBuildFile; fileRef = B607F69C16FE5C8200E0563D /* Credits.rtf */; };
		B607F6A116FE5C8200E0563D /* AppDelegate.m in Sources */ = {isa = PBXBuildFile; fileRef = B607F6A016FE5C8200E0563D /* AppDelegate.m */; };
		B607F6A416FE5C8200E0563D /* MainMenu.xib in Resources */ = {isa = PBXBuildFile; fileRef = B607F6A216FE5C8200E0563D /* MainMenu.xib */; };
/* End PBXBuildFile section */

/* Begin PBXFileReference section */
		B607F68A16FE5C8200E0563D /* FirstApp.app */ = {isa = PBXFileReference; explicitFileType = wrapper.application; includeInIndex = 0; path = FirstApp.app; sourceTree = BUILT_PRODUCTS_DIR; };
		B607F68D16FE5C8200E0563D /* Cocoa.framework */ = {isa = PBXFileReference; lastKnownFileType = wrapper.framework; name = Cocoa.framework; path = System/Library/Frameworks/Cocoa.framework; sourceTree = SDKROOT; };
		B607F69016FE5C8200E0563D /* AppKit.framework */ = {isa = PBXFileReference; lastKnownFileType = wrapper.framework; name = AppKit.framework; path = System/Library/Frameworks/AppKit.framework; sourceTree = SDKROOT; };
		B607F69116FE5C8200E0563D /* CoreData.framework */ = {isa = PBXFileReference; lastKnownFileType = wrapper.framework; name = CoreData.framework; path = System/Library/Frameworks/CoreData.framework; sourceTree = SDKROOT; };
		B607F69216FE5C8200E0563D /* Foundation.framework */ = {isa = PBXFileReference; lastKnownFileType = wrapper.framework; name = Foundation.framework; path = System/Library/Frameworks/Foundation.framework; sourceTree = SDKROOT; };
		B607F69516FE5C8200E0563D /* FirstApp-Info.plist */ = {isa = PBXFileReference; lastKnownFileType = text.plist.xml; path = "FirstApp-Info.plist"; sourceTree = "<group>"; };
		B607F69716FE5C8200E0563D /* en */ = {isa = PBXFileReference; lastKnownFileType = text.plist.strings; name = en; path = en.lproj/InfoPlist.strings; sourceTree = "<group>"; };
		B607F69916FE5C8200E0563D /* main.m */ = {isa = PBXFileReference; lastKnownFileType = sourcecode.c.objc; path = main.m; sourceTree = "<group>"; };
		B607F69B16FE5C8200E0563D /* FirstApp-Prefix.pch */ = {isa = PBXFileReference; lastKnownFileType = sourcecode.c.h; path = "FirstApp-Prefix.pch"; sourceTree = "<group>"; };
		B607F69D16FE5C8200E0563D /* en */ = {isa = PBXFileReference; lastKnownFileType = text.rtf; name = en; path = en.lproj/Credits.rtf; sourceTree = "<group>"; };
		B607F69F16FE5C8200E0563D /* AppDelegate.h */ = {isa = PBXFileReference; lastKnownFileType = sourcecode.c.h; path = AppDelegate.h; sourceTree = "<group>"; };
		B607F6A016FE5C8200E0563D /* AppDelegate.m */ = {isa = PBXFileReference; lastKnownFileType = sourcecode.c.objc; path = AppDelegate.m; sourceTree = "<group>"; };
		B607F6A316FE5C8200E0563D /* en */ = {isa = PBXFileReference; lastKnownFileType = file.xib; name = en; path = en.lproj/MainMenu.xib; sourceTree = "<group>"; };
/* End PBXFileReference section */

/* Begin PBXFrameworksBuildPhase section */
		B607F68716FE5C8200E0563D /* Frameworks */ = {
			isa = PBXFrameworksBuildPhase;
			buildActionMask = 2147483647;
			files = (
				B607F68E16FE5C8200E0563D /* Cocoa.framework in Frameworks */,
			);
			runOnlyForDeploymentPostprocessing = 0;
		};
/* End PBXFrameworksBuildPhase section */

/* Begin PBXGroup section */
		B607F68116FE5C8200E0563D = {
			isa = PBXGroup;
			children = (
				B607F69316FE5C8200E0563D /* FirstApp */,
				B607F68C16FE5C8200E0563D /* Frameworks */,
				B607F68B16FE5C8200E0563D /* Products */,
			);
			sourceTree = "<group>";
		};
		B607F68B16FE5C8200E0563D /* Products */ = {
			isa = PBXGroup;
			children = (
				B607F68A16FE5C8200E0563D /* FirstApp.app */,
			);
			name = Products;
			sourceTree = "<group>";
		};
		B607F68C16FE5C8200E0563D /* Frameworks */ = {
			isa = PBXGroup;
			children = (
				B607F68D16FE5C8200E0563D /* Cocoa.framework */,
				B607F68F16FE5C8200E0563D /* Other Frameworks */,
			);
			name = Frameworks;
			sourceTree = "<group>";
		};
		B607F68F16FE5C8200E0563D /* Other Frameworks */ = {
			isa = PBXGroup;
			children = (
				B607F69016FE5C8200E0563D /* AppKit.framework */,
				B607F69116FE5C8200E0563D /* CoreData.framework */,
				B607F69216FE5C8200E0563D /* Foundation.framework */,
			);
			name = "Other Frameworks";
			sourceTree = "<group>";
		};
		B607F69316FE5C8200E0563D /* FirstApp */ = {
			isa = PBXGroup;
			children = (
				B607F69F16FE5C8200E0563D /* AppDelegate.h */,
				B607F6A016FE5C8200E0563D /* AppDelegate.m */,
				B607F6A216FE5C8200E0563D /* MainMenu.xib */,
				B607F69416FE5C8200E0563D /* Supporting Files */,
			);
			path = FirstApp;
			sourceTree = "<group>";
		};
		B607F69416FE5C8200E0563D /* Supporting Files */ = {
			isa = PBXGroup;
			children = (
				B607F69516FE5C8200E0563D /* FirstApp-Info.plist */,
				B607F69616FE5C8200E0563D /* InfoPlist.strings */,
				B607F69916FE5C8200E0563D /* main.m */,
				B607F69B16FE5C8200E0563D /* FirstApp-Prefix.pch */,
				B607F69C16FE5C8200E0563D /* Credits.rtf */,
			);
			name = "Supporting Files";
			sourceTree = "<group>";
		};
/* End PBXGroup section */

/* Begin PBXNativeTarget section */
		B607F68916FE5C8200E0563D /* FirstApp */ = {
			isa = PBXNativeTarget;
			buildConfigurationList = B607F6A716FE5C8200E0563D /* Build configuration list for PBXNativeTarget "FirstApp" */;
			buildPhases = (
				B607F68616FE5C8200E0563D /* Sources */,
				B607F68716FE5C8200E0563D /* Frameworks */,
				B607F68816FE5C8200E0563D /* Resources */,
			);
			buildRules = (
			);
			dependencies = (
			);
			name = FirstApp;
			productName = FirstApp;
			productReference = B607F68A16FE5C8200E0563D /* FirstApp.app */;
			productType = "com.apple.product-type.application";
		};
/* End PBXNativeTarget section */

/* Begin PBXProject section */
		B607F68216FE5C8200E0563D /* Project object */ = {
			isa = PBXProject;
			attributes = {
				LastUpgradeCheck = 0460;
				ORGANIZATIONNAME = Zachary;
			};
			buildConfigurationList = B607F68516FE5C8200E0563D /* Build configuration list for PBXProject "FirstApp" */;
			compatibilityVersion = "Xcode 3.2";
			developmentRegion = English;
			hasScannedForEncodings = 0;
			knownRegions = (
				en,
			);
			mainGroup = B607F68116FE5C8200E0563D;
			productRefGroup = B607F68B16FE5C8200E0563D /* Products */;
			projectDirPath = "";
			projectRoot = "";
			targets = (
				B607F68916FE5C8200E0563D /* FirstApp */,
			);
		};
/* End PBXProject section */

/* Begin PBXResourcesBuildPhase section */
		B607F68816FE5C8200E0563D /* Resources */ = {
			isa = PBXResourcesBuildPhase;
			buildActionMask = 2147483647;
			files = (
				B607F69816FE5C8200E0563D /* InfoPlist.strings in Resources */,
				B607F69E16FE5C8200E0563D /* Credits.rtf in Resources */,
				B607F6A416FE5C8200E0563D /* MainMenu.xib in Resources */,
			);
			runOnlyForDeploymentPostprocessing = 0;
		};
/* End PBXResourcesBuildPhase section */

/* Begin PBXSourcesBuildPhase section */
		B607F68616FE5C8200E0563D /* Sources */ = {
			isa = PBXSourcesBuildPhase;
			buildActionMask = 2147483647;
			files = (
				B607F69A16FE5C8200E0563D /* main.m in Sources */,
				B607F6A116FE5C8200E0563D /* AppDelegate.m in Sources */,
			);
			runOnlyForDeploymentPostprocessing = 0;
		};
/* End PBXSourcesBuildPhase section */

/* Begin PBXVariantGroup section */
		B607F69616FE5C8200E0563D /* InfoPlist.strings */ = {
			isa = PBXVariantGroup;
			children = (
				B607F69716FE5C8200E0563D /* en */,
			);
			name = InfoPlist.strings;
			sourceTree = "<group>";
		};
		B607F69C16FE5C8200E0563D /* Credits.rtf */ = {
			isa = PBXVariantGroup;
			children = (
				B607F69D16FE5C8200E0563D /* en */,
			);
			name = Credits.rtf;
			sourceTree = "<group>";
		};
		B607F6A216FE5C8200E0563D /* MainMenu.xib */ = {
			isa = PBXVariantGroup;
			children = (
				B607F6A316FE5C8200E0563D /* en */,
			);
			name = MainMenu.xib;
			sourceTree = "<group>";
		};
/* End PBXVariantGroup section */

/* Begin XCBuildConfiguration section */
		B607F6A516FE5C8200E0563D /* Debug */ = {
			isa = XCBuildConfiguration;
			buildSettings = {
				ALWAYS_SEARCH_USER_PATHS = NO;
				ARCHS = "$(ARCHS_STANDARD_64_BIT)";
				CLANG_CXX_LANGUAGE_STANDARD = "gnu++0x";
				CLANG_CXX_LIBRARY = "libc++";
				CLANG_ENABLE_OBJC_ARC = YES;
				CLANG_WARN_CONSTANT_CONVERSION = YES;
				CLANG_WARN_EMPTY_BODY = YES;
				CLANG_WARN_ENUM_CONVERSION = YES;
				CLANG_WARN_INT_CONVERSION = YES;
				CLANG_WARN__DUPLICATE_METHOD_MATCH = YES;
				COPY_PHASE_STRIP = NO;
				GCC_C_LANGUAGE_STANDARD = gnu99;
				GCC_DYNAMIC_NO_PIC = NO;
				GCC_ENABLE_OBJC_EXCEPTIONS = YES;
				GCC_OPTIMIZATION_LEVEL = 0;
				GCC_PREPROCESSOR_DEFINITIONS = (
					"DEBUG=1",
					"$(inherited)",
				);
				GCC_SYMBOLS_PRIVATE_EXTERN = NO;
				GCC_WARN_64_TO_32_BIT_CONVERSION = YES;
				GCC_WARN_ABOUT_RETURN_TYPE = YES;
				GCC_WARN_UNINITIALIZED_AUTOS = YES;
				GCC_WARN_UNUSED_VARIABLE = YES;
				MACOSX_DEPLOYMENT_TARGET = 10.8;
				ONLY_ACTIVE_ARCH = YES;
				SDKROOT = macosx;
			};
			name = Debug;
		};
		B607F6A616FE5C8200E0563D /* Release */ = {
			isa = XCBuildConfiguration;
			buildSettings = {
				ALWAYS_SEARCH_USER_PATHS = NO;
				ARCHS = "$(ARCHS_STANDARD_64_BIT)";
				CLANG_CXX_LANGUAGE_STANDARD = "gnu++0x";
				CLANG_CXX_LIBRARY = "libc++";
				CLANG_ENABLE_OBJC_ARC = YES;
				CLANG_WARN_CONSTANT_CONVERSION = YES;
				CLANG_WARN_EMPTY_BODY = YES;
				CLANG_WARN_ENUM_CONVERSION = YES;
				CLANG_WARN_INT_CONVERSION = YES;
				CLANG_WARN__DUPLICATE_METHOD_MATCH = YES;
				COPY_PHASE_STRIP = YES;
				DEBUG_INFORMATION_FORMAT = "dwarf-with-dsym";
				GCC_C_LANGUAGE_STANDARD = gnu99;
				GCC_ENABLE_OBJC_EXCEPTIONS = YES;
				GCC_WARN_64_TO_32_BIT_CONVERSION = YES;
				GCC_WARN_ABOUT_RETURN_TYPE = YES;
				GCC_WARN_UNINITIALIZED_AUTOS = YES;
				GCC_WARN_UNUSED_VARIABLE = YES;
				MACOSX_DEPLOYMENT_TARGET = 10.8;
				SDKROOT = macosx;
			};
			name = Release;
		};
		B607F6A816FE5C8200E0563D /* Debug */ = {
			isa = XCBuildConfiguration;
			buildSettings = {
				COMBINE_HIDPI_IMAGES = YES;
				GCC_PRECOMPILE_PREFIX_HEADER = YES;
				GCC_PREFIX_HEADER = "FirstApp/FirstApp-Prefix.pch";
				INFOPLIST_FILE = "FirstApp/FirstApp-Info.plist";
				PRODUCT_NAME = "$(TARGET_NAME)";
				WRAPPER_EXTENSION = app;
			};
			name = Debug;
		};
		B607F6A916FE5C8200E0563D /* Release */ = {
			isa = XCBuildConfiguration;
			buildSettings = {
				COMBINE_HIDPI_IMAGES = YES;
				GCC_PRECOMPILE_PREFIX_HEADER = YES;
				GCC_PREFIX_HEADER = "FirstApp/FirstApp-Prefix.pch";
				INFOPLIST_FILE = "FirstApp/FirstApp-Info.plist";
				PRODUCT_NAME = "$(TARGET_NAME)";
				WRAPPER_EXTENSION = app;
			};
			name = Release;
		};
/* End XCBuildConfiguration section */

/* Begin XCConfigurationList section */
		B607F68516FE5C8200E0563D /* Build configuration list for PBXProject "FirstApp" */ = {
			isa = XCConfigurationList;
			buildConfigurations = (
				B607F6A516FE5C8200E0563D /* Debug */,
				B607F6A616FE5C8200E0563D /* Release */,
			);
			defaultConfigurationIsVisible = 0;
			defaultConfigurationName = Release;
		};
		B607F6A716FE5C8200E0563D /* Build configuration list for PBXNativeTarget "FirstApp" */ = {
			isa = XCConfigurationList;
			buildConfigurations = (
				B607F6A816FE5C8200E0563D /* Debug */,
				B607F6A916FE5C8200E0563D /* Release */,
			);
			defaultConfigurationIsVisible = 0;
		};
/* End XCConfigurationList section */
	};
	rootObject = B607F68216FE5C8200E0563D /* Project object */;
}
